
Microsoft Visual Studio Solution File, Format Version 12.00
# Visual Studio Version 17
VisualStudioVersion = 17.2.32516.85
MinimumVisualStudioVersion = 10.0.40219.1
Project("{FAE04EC0-301F-11D3-BF4B-00C04F79EFBC}") = "SuperHeroAPI", "SuperHeroAPI\SuperHeroAPI.csproj", "{5DAAE47A-96B4-4334-B865-FCD8B7E7969B}"
EndProject
Global
	GlobalSection(SolutionConfigurationPlatforms) = preSolution
		Debug|Any CPU = Debug|Any CPU
		Release|Any CPU = Release|Any CPU
	EndGlobalSection
	GlobalSection(ProjectConfigurationPlatforms) = postSolution
		{5DAAE47A-96B4-4334-B865-FCD8B7E7969B}.Debug|Any CPU.ActiveCfg = Debug|Any CPU
		{5DAAE47A-96B4-4334-B865-FCD8B7E7969B}.Debug|Any CPU.Build.0 = Debug|Any CPU
		{5DAAE47A-96B4-4334-B865-FCD8B7E7969B}.Release|Any CPU.ActiveCfg = Release|Any CPU
		{5DAAE47A-96B4-4334-B865-FCD8B7E7969B}.Release|Any CPU.Build.0 = Release|Any CPU
	EndGlobalSection
	GlobalSection(SolutionProperties) = preSolution
		HideSolutionNode = FALSE
	EndGlobalSection
	GlobalSection(ExtensibilityGlobals) = postSolution
		SolutionGuid = {C36F6626-81CE-4A73-92B5-FA50D45145C7}
	EndGlobalSection
EndGlobal
